
Microsoft Visual Studio Solution File, Format Version 12.00
# Visual Studio Version 17
VisualStudioVersion = 17.9.34622.214
MinimumVisualStudioVersion = 10.0.40219.1
Project("{FAE04EC0-301F-11D3-BF4B-00C04F79EFBC}") = "Intro", "Intro\Intro.csproj", "{7F53AD99-D223-4D58-A4C4-D819F3F25B2A}"
EndProject
Global
	GlobalSection(SolutionConfigurationPlatforms) = preSolution
		Debug|Any CPU = Debug|Any CPU
		Release|Any CPU = Release|Any CPU
	EndGlobalSection
	GlobalSection(ProjectConfigurationPlatforms) = postSolution
		{7F53AD99-D223-4D58-A4C4-D819F3F25B2A}.Debug|Any CPU.ActiveCfg = Debug|Any CPU
		{7F53AD99-D223-4D58-A4C4-D819F3F25B2A}.Debug|Any CPU.Build.0 = Debug|Any CPU
		{7F53AD99-D223-4D58-A4C4-D819F3F25B2A}.Release|Any CPU.ActiveCfg = Release|Any CPU
		{7F53AD99-D223-4D58-A4C4-D819F3F25B2A}.Release|Any CPU.Build.0 = Release|Any CPU
	EndGlobalSection
	GlobalSection(SolutionProperties) = preSolution
		HideSolutionNode = FALSE
	EndGlobalSection
	GlobalSection(ExtensibilityGlobals) = postSolution
		SolutionGuid = {28F8C412-2051-4D66-9333-181B7625BDA2}
	EndGlobalSection
EndGlobal
