
Microsoft Visual Studio Solution File, Format Version 12.00
# Visual Studio Version 17
VisualStudioVersion = 17.9.34622.214
MinimumVisualStudioVersion = 10.0.40219.1
Project("{9A19103F-16F7-4668-BE54-9A1E7A4F7556}") = "Entities", "Entities\Entities.csproj", "{6F59E0A5-6370-4A52-8638-A5E5B4F18033}"
EndProject
Project("{9A19103F-16F7-4668-BE54-9A1E7A4F7556}") = "Business", "Business\Business.csproj", "{BE3212A0-5537-43EA-ADE7-CDE3E40DA4F6}"
EndProject
Project("{9A19103F-16F7-4668-BE54-9A1E7A4F7556}") = "Workaround", "Workaround\Workaround.csproj", "{4BECFF78-CD18-467D-9E95-C2F902118823}"
EndProject
Global
	GlobalSection(SolutionConfigurationPlatforms) = preSolution
		Debug|Any CPU = Debug|Any CPU
		Release|Any CPU = Release|Any CPU
	EndGlobalSection
	GlobalSection(ProjectConfigurationPlatforms) = postSolution
		{6F59E0A5-6370-4A52-8638-A5E5B4F18033}.Debug|Any CPU.ActiveCfg = Debug|Any CPU
		{6F59E0A5-6370-4A52-8638-A5E5B4F18033}.Debug|Any CPU.Build.0 = Debug|Any CPU
		{6F59E0A5-6370-4A52-8638-A5E5B4F18033}.Release|Any CPU.ActiveCfg = Release|Any CPU
		{6F59E0A5-6370-4A52-8638-A5E5B4F18033}.Release|Any CPU.Build.0 = Release|Any CPU
		{BE3212A0-5537-43EA-ADE7-CDE3E40DA4F6}.Debug|Any CPU.ActiveCfg = Debug|Any CPU
		{BE3212A0-5537-43EA-ADE7-CDE3E40DA4F6}.Debug|Any CPU.Build.0 = Debug|Any CPU
		{BE3212A0-5537-43EA-ADE7-CDE3E40DA4F6}.Release|Any CPU.ActiveCfg = Release|Any CPU
		{BE3212A0-5537-43EA-ADE7-CDE3E40DA4F6}.Release|Any CPU.Build.0 = Release|Any CPU
		{4BECFF78-CD18-467D-9E95-C2F902118823}.Debug|Any CPU.ActiveCfg = Debug|Any CPU
		{4BECFF78-CD18-467D-9E95-C2F902118823}.Debug|Any CPU.Build.0 = Debug|Any CPU
		{4BECFF78-CD18-467D-9E95-C2F902118823}.Release|Any CPU.ActiveCfg = Release|Any CPU
		{4BECFF78-CD18-467D-9E95-C2F902118823}.Release|Any CPU.Build.0 = Release|Any CPU
	EndGlobalSection
	GlobalSection(SolutionProperties) = preSolution
		HideSolutionNode = FALSE
	EndGlobalSection
	GlobalSection(ExtensibilityGlobals) = postSolution
		SolutionGuid = {4D85432D-C99A-4F79-8DA8-482A500B4C06}
	EndGlobalSection
EndGlobal
